# asset_hashes.lock — generated by resecta-data.
# Entries are relative to build/.
# See CLAUDE.md §4: unexpected changes are a red flag.

adversarial/adversarial_patterns.json  f5bf0a138ab27fb0e37bf2b26549efdfa4a47fb8d2d303ce1d2a943e4604effd
classifier/context_scorer.json  fecd89b6a790d9895e7081e99b448d9245096aa435e2389252f7c5f5eab2acb8
classifier/context_scorer_candidates.json  dbb55389caf111855d79ab327097c7504e2d7a98b87116bafd117d5a79c8a882
classifier/doctype_keywords.json  aa920377e6844b64d77878898da112cfbc77dae2df0c79f611cdd1fd4649f667
classifier/preset_thresholds_candidates.json  758690edfe5887c441fa538d11ad8c5875cb26316f9294a62d5b41f21f683907
context/context_keywords.json  2c7372a73e32fc4d7e0c5a0f0d89fe5470d664dafc5f4f63ac4c34fced8cf867
corpus/g8_corpus.json  3f941a6bf2ba16b69efc1e935314eb7c4f70c78ff6f062c87abb0fb4d4db73d7
demographics/coverage_report.json  47dac4006ea4ab1d3b47ceee4c9e039aafd3dda2f79e0d2edc21e3071095bcf8
demographics/g8_bucket_recall_v1.json  64241bd5e6dc866ff525b0b5603ad3d27da11b7bd1ac7ad89f17320a7a3b6daa
fuzz/redos_payloads.json  a30d90a5d7a135d406c73228ac6c788a908cfb6a04b1f3fb515e774d7d5aa739
gazetteers/address_components.cutover-diff.json  670b83beafc30697a6b81a32f7d9e2c8e6b71bde08f1dbf6343e29622a53c890
gazetteers/address_components.json  529500d06eb4fbc53f9bc824198dbb615e0fbd73294c4eb80723b5c90058cf13
gazetteers/dl_patterns.json  159cfd163817da490247c85571d42b9a37054565e4df948d73cdece4d6ff0ee5
gazetteers/gazetteer_manifest.json  7998fa67cf7b433427a1b9d4002e1261f7424824ebfa20d19b69091b3e36476a
gazetteers/given-names.bloom  6d855ed20cbe4665cdf3bcd95defe87cd22723e8f9b32959d59ef7ebda87dfa8
gazetteers/institutions.cutover-diff.json  6e288a052da061117ba9fa2860c599292fa0f0c2564f74f9534362383447c55f
gazetteers/institutions.json  b618d053c25fb8b088a801c76176788317d58fddb3d36afb396520974a81577c
gazetteers/name_filters.cutover-diff.json  14c27c3fb8edb8baa055b51150c6d954c891f7f87bd42ef58ac1a10cd8bab9aa
gazetteers/negative_context_candidates.json  e089ba3edecea9cabc93fff29b24096ca90650a618859d7f06713fab432ac291
gazetteers/paranames_shards.meta.json  d4d6d9d85478143e5b55139060d41b6224739fd7c161d4184d3e727d30a31fc6
gazetteers/passport_patterns.json  f0bc22c2bcd71c522dfe2e57be3c181ad08cc0223b3a162ed4300e32ad9d8509
gazetteers/surnames.bloom  6dbe8170b007cfc4b8e7ce71d32cf6e1c850a8fcac8c8fc399c9e0c2a09c2dcc
gazetteers/zip_scf_states.json  2345e52f2c28fdfb47215db6b361f70821af897ba9347e4337b656a832330fcb
instrumentation/bundle_size.json  23269306e666fe8ec32ab02685f2c19cda6d9ade9c40ddae60b92a4f7dce5ddc
rules/rule_catalog.json  1168dfe6b4a9687f2905579c7adb958b3fb46b47aa09443e4b3fa0a5f4e2da8d
vectors/bates_test_vectors.json  9f973ead8b1aec0423bb61db1081c327321b42d6d06d3fc1e4221c07eccfc9bd
vectors/credit_card_vectors.json  cc4b218db47e29c87996d2718a88620d6ca49507007945e28cf8560bf1e3f8f1
vectors/dea_test_vectors.json  3b1b406a73c79fb758ea7d6b0692361f4e423a72a06b393e558f61d4d990fdae
vectors/dob_vectors.json  a1f94186c7df525a5e8b48eec43c7b09a421b6ed468c6826d8fec41940d74056
vectors/drivers_license_test_vectors.json  861e7ec8df8b2397a2b67d71db76145d9d97394ea096212e0c4307d6e0371333
vectors/ein_vectors.json  2f9cef89c8160e9ca5dd3cfe1de18098eab76cdc737c08184da0235e6172ea41
vectors/email_test_vectors.json  46d18d64dfb65647e1a66252bbbc3adfd527b5f0f5b417409d7d8dd1f18c5d7f
vectors/itin_vectors.json  0526f69d43a3aa1926ee9c231202d809c19f3e55f1279e0599701c60fd47628b
vectors/license_plate_test_vectors.json  21126f0bd32c90317cb50cc634cbf64d418e48f0f21bbdd05bd78c427c53eea4
vectors/mrn_test_vectors.json  6cc31bad35863b87c26ef7d35aec573c991e845dffa1709a52c1d32bd061a5a4
vectors/npi_test_vectors.json  fe57f24e61a9c4b088b615e642095cd9750a8c2ebaa530d72754f8ea47af23ce
vectors/passport_test_vectors.json  dae9fc75f48621278118f5dfcbcaab111823f951c52e752f3bbaa8dfca437624
vectors/phone_test_vectors.json  049e254fd177bc6161e4f3d611c5bf8e01d9e1feb4259e9308e87a7de50432b7
vectors/routing_number_vectors.json  1babd3fcc2eba2617791bd4ac622b7601788972edc68c772b7b456c44d590c34
vectors/ssn_structural_vectors.json  57af2473b8a684ccbce3c4158abd455fd9210b134051959836d1393d769d7c4d
